// !$*UTF8*$!
{
	archiveVersion = 1;
	classes = {
	};
	objectVersion = 50;
	objects = {

/* Begin PBXBuildFile section */
		3560D677244B1E8300296A58 /* AppDelegate.swift in Sources */ = {isa = PBXBuildFile; fileRef = 3560D676244B1E8300296A58 /* AppDelegate.swift */; };
		3560D679244B1E8300296A58 /* SceneDelegate.swift in Sources */ = {isa = PBXBuildFile; fileRef = 3560D678244B1E8300296A58 /* SceneDelegate.swift */; };
		3560D67B244B1E8300296A58 /* ViewController.swift in Sources */ = {isa = PBXBuildFile; fileRef = 3560D67A244B1E8300296A58 /* ViewController.swift */; };
		3560D67E244B1E8300296A58 /* Main.storyboard in Resources */ = {isa = PBXBuildFile; fileRef = 3560D67C244B1E8300296A58 /* Main.storyboard */; };
		3560D680244B1E8400296A58 /* Assets.xcassets in Resources */ = {isa = PBXBuildFile; fileRef = 3560D67F244B1E8400296A58 /* Assets.xcassets */; };
		3560D683244B1E8400296A58 /* LaunchScreen.storyboard in Resources */ = {isa = PBXBuildFile; fileRef = 3560D681244B1E8400296A58 /* LaunchScreen.storyboard */; };
		3560D68E244B1E8400296A58 /* SilverLinkTestTests.swift in Sources */ = {isa = PBXBuildFile; fileRef = 3560D68D244B1E8400296A58 /* SilverLinkTestTests.swift */; };
		3560D699244B1E8400296A58 /* SilverLinkTestUITests.swift in Sources */ = {isa = PBXBuildFile; fileRef = 3560D698244B1E8400296A58 /* SilverLinkTestUITests.swift */; };
/* End PBXBuildFile section */

/* Begin PBXContainerItemProxy section */
		3560D68A244B1E8400296A58 /* PBXContainerItemProxy */ = {
			isa = PBXContainerItemProxy;
			containerPortal = 3560D66B244B1E8300296A58 /* Project object */;
			proxyType = 1;
			remoteGlobalIDString = 3560D672244B1E8300296A58;
			remoteInfo = SilverLinkTest;
		};
		3560D695244B1E8400296A58 /* PBXContainerItemProxy */ = {
			isa = PBXContainerItemProxy;
			containerPortal = 3560D66B244B1E8300296A58 /* Project object */;
			proxyType = 1;
			remoteGlobalIDString = 3560D672244B1E8300296A58;
			remoteInfo = SilverLinkTest;
		};
/* End PBXContainerItemProxy section */

/* Begin PBXFileReference section */
		3560D673244B1E8300296A58 /* SilverLinkTest.app */ = {isa = PBXFileReference; explicitFileType = wrapper.application; includeInIndex = 0; path = SilverLinkTest.app; sourceTree = BUILT_PRODUCTS_DIR; };
		3560D676244B1E8300296A58 /* AppDelegate.swift */ = {isa = PBXFileReference; lastKnownFileType = sourcecode.swift; path = AppDelegate.swift; sourceTree = "<group>"; };
		3560D678244B1E8300296A58 /* SceneDelegate.swift */ = {isa = PBXFileReference; lastKnownFileType = sourcecode.swift; path = SceneDelegate.swift; sourceTree = "<group>"; };
		3560D67A244B1E8300296A58 /* ViewController.swift */ = {isa = PBXFileReference; lastKnownFileType = sourcecode.swift; path = ViewController.swift; sourceTree = "<group>"; };
		3560D67D244B1E8300296A58 /* Base */ = {isa = PBXFileReference; lastKnownFileType = file.storyboard; name = Base; path = Base.lproj/Main.storyboard; sourceTree = "<group>"; };
		3560D67F244B1E8400296A58 /* Assets.xcassets */ = {isa = PBXFileReference; lastKnownFileType = folder.assetcatalog; path = Assets.xcassets; sourceTree = "<group>"; };
		3560D682244B1E8400296A58 /* Base */ = {isa = PBXFileReference; lastKnownFileType = file.storyboard; name = Base; path = Base.lproj/LaunchScreen.storyboard; sourceTree = "<group>"; };
		3560D684244B1E8400296A58 /* Info.plist */ = {isa = PBXFileReference; lastKnownFileType = text.plist.xml; path = Info.plist; sourceTree = "<group>"; };
		3560D689244B1E8400296A58 /* SilverLinkTestTests.xctest */ = {isa = PBXFileReference; explicitFileType = wrapper.cfbundle; includeInIndex = 0; path = SilverLinkTestTests.xctest; sourceTree = BUILT_PRODUCTS_DIR; };
		3560D68D244B1E8400296A58 /* SilverLinkTestTests.swift */ = {isa = PBXFileReference; lastKnownFileType = sourcecode.swift; path = SilverLinkTestTests.swift; sourceTree = "<group>"; };
		3560D68F244B1E8400296A58 /* Info.plist */ = {isa = PBXFileReference; lastKnownFileType = text.plist.xml; path = Info.plist; sourceTree = "<group>"; };
		3560D694244B1E8400296A58 /* SilverLinkTestUITests.xctest */ = {isa = PBXFileReference; explicitFileType = wrapper.cfbundle; includeInIndex = 0; path = SilverLinkTestUITests.xctest; sourceTree = BUILT_PRODUCTS_DIR; };
		3560D698244B1E8400296A58 /* SilverLinkTestUITests.swift */ = {isa = PBXFileReference; lastKnownFileType = sourcecode.swift; path = SilverLinkTestUITests.swift; sourceTree = "<group>"; };
		3560D69A244B1E8400296A58 /* Info.plist */ = {isa = PBXFileReference; lastKnownFileType = text.plist.xml; path = Info.plist; sourceTree = "<group>"; };
/* End PBXFileReference section */

/* Begin PBXFrameworksBuildPhase section */
		3560D670244B1E8300296A58 /* Frameworks */ = {
			isa = PBXFrameworksBuildPhase;
			buildActionMask = 2147483647;
			files = (
			);
			runOnlyForDeploymentPostprocessing = 0;
		};
		3560D686244B1E8400296A58 /* Frameworks */ = {
			isa = PBXFrameworksBuildPhase;
			buildActionMask = 2147483647;
			files = (
			);
			runOnlyForDeploymentPostprocessing = 0;
		};
		3560D691244B1E8400296A58 /* Frameworks */ = {
			isa = PBXFrameworksBuildPhase;
			buildActionMask = 2147483647;
			files = (
			);
			runOnlyForDeploymentPostprocessing = 0;
		};
/* End PBXFrameworksBuildPhase section */

/* Begin PBXGroup section */
		3560D66A244B1E8300296A58 = {
			isa = PBXGroup;
			children = (
				3560D675244B1E8300296A58 /* SilverLinkTest */,
				3560D68C244B1E8400296A58 /* SilverLinkTestTests */,
				3560D697244B1E8400296A58 /* SilverLinkTestUITests */,
				3560D674244B1E8300296A58 /* Products */,
			);
			sourceTree = "<group>";
		};
		3560D674244B1E8300296A58 /* Products */ = {
			isa = PBXGroup;
			children = (
				3560D673244B1E8300296A58 /* SilverLinkTest.app */,
				3560D689244B1E8400296A58 /* SilverLinkTestTests.xctest */,
				3560D694244B1E8400296A58 /* SilverLinkTestUITests.xctest */,
			);
			name = Products;
			sourceTree = "<group>";
		};
		3560D675244B1E8300296A58 /* SilverLinkTest */ = {
			isa = PBXGroup;
			children = (
				3560D676244B1E8300296A58 /* AppDelegate.swift */,
				3560D678244B1E8300296A58 /* SceneDelegate.swift */,
				3560D67A244B1E8300296A58 /* ViewController.swift */,
				3560D67C244B1E8300296A58 /* Main.storyboard */,
				3560D67F244B1E8400296A58 /* Assets.xcassets */,
				3560D681244B1E8400296A58 /* LaunchScreen.storyboard */,
				3560D684244B1E8400296A58 /* Info.plist */,
			);
			path = SilverLinkTest;
			sourceTree = "<group>";
		};
		3560D68C244B1E8400296A58 /* SilverLinkTestTests */ = {
			isa = PBXGroup;
			children = (
				3560D68D244B1E8400296A58 /* SilverLinkTestTests.swift */,
				3560D68F244B1E8400296A58 /* Info.plist */,
			);
			path = SilverLinkTestTests;
			sourceTree = "<group>";
		};
		3560D697244B1E8400296A58 /* SilverLinkTestUITests */ = {
			isa = PBXGroup;
			children = (
				3560D698244B1E8400296A58 /* SilverLinkTestUITests.swift */,
				3560D69A244B1E8400296A58 /* Info.plist */,
			);
			path = SilverLinkTestUITests;
			sourceTree = "<group>";
		};
/* End PBXGroup section */

/* Begin PBXNativeTarget section */
		3560D672244B1E8300296A58 /* SilverLinkTest */ = {
			isa = PBXNativeTarget;
			buildConfigurationList = 3560D69D244B1E8400296A58 /* Build configuration list for PBXNativeTarget "SilverLinkTest" */;
			buildPhases = (
				3560D66F244B1E8300296A58 /* Sources */,
				3560D670244B1E8300296A58 /* Frameworks */,
				3560D671244B1E8300296A58 /* Resources */,
			);
			buildRules = (
			);
			dependencies = (
			);
			name = SilverLinkTest;
			productName = SilverLinkTest;
			productReference = 3560D673244B1E8300296A58 /* SilverLinkTest.app */;
			productType = "com.apple.product-type.application";
		};
		3560D688244B1E8400296A58 /* SilverLinkTestTests */ = {
			isa = PBXNativeTarget;
			buildConfigurationList = 3560D6A0244B1E8400296A58 /* Build configuration list for PBXNativeTarget "SilverLinkTestTests" */;
			buildPhases = (
				3560D685244B1E8400296A58 /* Sources */,
				3560D686244B1E8400296A58 /* Frameworks */,
				3560D687244B1E8400296A58 /* Resources */,
			);
			buildRules = (
			);
			dependencies = (
				3560D68B244B1E8400296A58 /* PBXTargetDependency */,
			);
			name = SilverLinkTestTests;
			productName = SilverLinkTestTests;
			productReference = 3560D689244B1E8400296A58 /* SilverLinkTestTests.xctest */;
			productType = "com.apple.product-type.bundle.unit-test";
		};
		3560D693244B1E8400296A58 /* SilverLinkTestUITests */ = {
			isa = PBXNativeTarget;
			buildConfigurationList = 3560D6A3244B1E8400296A58 /* Build configuration list for PBXNativeTarget "SilverLinkTestUITests" */;
			buildPhases = (
				3560D690244B1E8400296A58 /* Sources */,
				3560D691244B1E8400296A58 /* Frameworks */,
				3560D692244B1E8400296A58 /* Resources */,
			);
			buildRules = (
			);
			dependencies = (
				3560D696244B1E8400296A58 /* PBXTargetDependency */,
			);
			name = SilverLinkTestUITests;
			productName = SilverLinkTestUITests;
			productReference = 3560D694244B1E8400296A58 /* SilverLinkTestUITests.xctest */;
			productType = "com.apple.product-type.bundle.ui-testing";
		};
/* End PBXNativeTarget section */

/* Begin PBXProject section */
		3560D66B244B1E8300296A58 /* Project object */ = {
			isa = PBXProject;
			attributes = {
				LastSwiftUpdateCheck = 1130;
				LastUpgradeCheck = 1130;
				ORGANIZATIONNAME = "Raj Kadam";
				TargetAttributes = {
					3560D672244B1E8300296A58 = {
						CreatedOnToolsVersion = 11.3;
					};
					3560D688244B1E8400296A58 = {
						CreatedOnToolsVersion = 11.3;
						TestTargetID = 3560D672244B1E8300296A58;
					};
					3560D693244B1E8400296A58 = {
						CreatedOnToolsVersion = 11.3;
						TestTargetID = 3560D672244B1E8300296A58;
					};
				};
			};
			buildConfigurationList = 3560D66E244B1E8300296A58 /* Build configuration list for PBXProject "SilverLinkTest" */;
			compatibilityVersion = "Xcode 9.3";
			developmentRegion = en;
			hasScannedForEncodings = 0;
			knownRegions = (
				en,
				Base,
			);
			mainGroup = 3560D66A244B1E8300296A58;
			productRefGroup = 3560D674244B1E8300296A58 /* Products */;
			projectDirPath = "";
			projectRoot = "";
			targets = (
				3560D672244B1E8300296A58 /* SilverLinkTest */,
				3560D688244B1E8400296A58 /* SilverLinkTestTests */,
				3560D693244B1E8400296A58 /* SilverLinkTestUITests */,
			);
		};
/* End PBXProject section */

/* Begin PBXResourcesBuildPhase section */
		3560D671244B1E8300296A58 /* Resources */ = {
			isa = PBXResourcesBuildPhase;
			buildActionMask = 2147483647;
			files = (
				3560D683244B1E8400296A58 /* LaunchScreen.storyboard in Resources */,
				3560D680244B1E8400296A58 /* Assets.xcassets in Resources */,
				3560D67E244B1E8300296A58 /* Main.storyboard in Resources */,
			);
			runOnlyForDeploymentPostprocessing = 0;
		};
		3560D687244B1E8400296A58 /* Resources */ = {
			isa = PBXResourcesBuildPhase;
			buildActionMask = 2147483647;
			files = (
			);
			runOnlyForDeploymentPostprocessing = 0;
		};
		3560D692244B1E8400296A58 /* Resources */ = {
			isa = PBXResourcesBuildPhase;
			buildActionMask = 2147483647;
			files = (
			);
			runOnlyForDeploymentPostprocessing = 0;
		};
/* End PBXResourcesBuildPhase section */

/* Begin PBXSourcesBuildPhase section */
		3560D66F244B1E8300296A58 /* Sources */ = {
			isa = PBXSourcesBuildPhase;
			buildActionMask = 2147483647;
			files = (
				3560D67B244B1E8300296A58 /* ViewController.swift in Sources */,
				3560D677244B1E8300296A58 /* AppDelegate.swift in Sources */,
				3560D679244B1E8300296A58 /* SceneDelegate.swift in Sources */,
			);
			runOnlyForDeploymentPostprocessing = 0;
		};
		3560D685244B1E8400296A58 /* Sources */ = {
			isa = PBXSourcesBuildPhase;
			buildActionMask = 2147483647;
			files = (
				3560D68E244B1E8400296A58 /* SilverLinkTestTests.swift in Sources */,
			);
			runOnlyForDeploymentPostprocessing = 0;
		};
		3560D690244B1E8400296A58 /* Sources */ = {
			isa = PBXSourcesBuildPhase;
			buildActionMask = 2147483647;
			files = (
				3560D699244B1E8400296A58 /* SilverLinkTestUITests.swift in Sources */,
			);
			runOnlyForDeploymentPostprocessing = 0;
		};
/* End PBXSourcesBuildPhase section */

/* Begin PBXTargetDependency section */
		3560D68B244B1E8400296A58 /* PBXTargetDependency */ = {
			isa = PBXTargetDependency;
			target = 3560D672244B1E8300296A58 /* SilverLinkTest */;
			targetProxy = 3560D68A244B1E8400296A58 /* PBXContainerItemProxy */;
		};
		3560D696244B1E8400296A58 /* PBXTargetDependency */ = {
			isa = PBXTargetDependency;
			target = 3560D672244B1E8300296A58 /* SilverLinkTest */;
			targetProxy = 3560D695244B1E8400296A58 /* PBXContainerItemProxy */;
		};
/* End PBXTargetDependency section */

/* Begin PBXVariantGroup section */
		3560D67C244B1E8300296A58 /* Main.storyboard */ = {
			isa = PBXVariantGroup;
			children = (
				3560D67D244B1E8300296A58 /* Base */,
			);
			name = Main.storyboard;
			sourceTree = "<group>";
		};
		3560D681244B1E8400296A58 /* LaunchScreen.storyboard */ = {
			isa = PBXVariantGroup;
			children = (
				3560D682244B1E8400296A58 /* Base */,
			);
			name = LaunchScreen.storyboard;
			sourceTree = "<group>";
		};
/* End PBXVariantGroup section */

/* Begin XCBuildConfiguration section */
		3560D69B244B1E8400296A58 /* Debug */ = {
			isa = XCBuildConfiguration;
			buildSettings = {
				ALWAYS_SEARCH_USER_PATHS = NO;
				CLANG_ANALYZER_NONNULL = YES;
				CLANG_ANALYZER_NUMBER_OBJECT_CONVERSION = YES_AGGRESSIVE;
				CLANG_CXX_LANGUAGE_STANDARD = "gnu++14";
				CLANG_CXX_LIBRARY = "libc++";
				CLANG_ENABLE_MODULES = YES;
				CLANG_ENABLE_OBJC_ARC = YES;
				CLANG_ENABLE_OBJC_WEAK = YES;
				CLANG_WARN_BLOCK_CAPTURE_AUTORELEASING = YES;
				CLANG_WARN_BOOL_CONVERSION = YES;
				CLANG_WARN_COMMA = YES;
				CLANG_WARN_CONSTANT_CONVERSION = YES;
				CLANG_WARN_DEPRECATED_OBJC_IMPLEMENTATIONS = YES;
				CLANG_WARN_DIRECT_OBJC_ISA_USAGE = YES_ERROR;
				CLANG_WARN_DOCUMENTATION_COMMENTS = YES;
				CLANG_WARN_EMPTY_BODY = YES;
				CLANG_WARN_ENUM_CONVERSION = YES;
				CLANG_WARN_INFINITE_RECURSION = YES;
				CLANG_WARN_INT_CONVERSION = YES;
				CLANG_WARN_NON_LITERAL_NULL_CONVERSION = YES;
				CLANG_WARN_OBJC_IMPLICIT_RETAIN_SELF = YES;
				CLANG_WARN_OBJC_LITERAL_CONVERSION = YES;
				CLANG_WARN_OBJC_ROOT_CLASS = YES_ERROR;
				CLANG_WARN_RANGE_LOOP_ANALYSIS = YES;
				CLANG_WARN_STRICT_PROTOTYPES = YES;
				CLANG_WARN_SUSPICIOUS_MOVE = YES;
				CLANG_WARN_UNGUARDED_AVAILABILITY = YES_AGGRESSIVE;
				CLANG_WARN_UNREACHABLE_CODE = YES;
				CLANG_WARN__DUPLICATE_METHOD_MATCH = YES;
				COPY_PHASE_STRIP = NO;
				DEBUG_INFORMATION_FORMAT = dwarf;
				ENABLE_STRICT_OBJC_MSGSEND = YES;
				ENABLE_TESTABILITY = YES;
				GCC_C_LANGUAGE_STANDARD = gnu11;
				GCC_DYNAMIC_NO_PIC = NO;
				GCC_NO_COMMON_BLOCKS = YES;
				GCC_OPTIMIZATION_LEVEL = 0;
				GCC_PREPROCESSOR_DEFINITIONS = (
					"DEBUG=1",
					"$(inherited)",
				);
				GCC_WARN_64_TO_32_BIT_CONVERSION = YES;
				GCC_WARN_ABOUT_RETURN_TYPE = YES_ERROR;
				GCC_WARN_UNDECLARED_SELECTOR = YES;
				GCC_WARN_UNINITIALIZED_AUTOS = YES_AGGRESSIVE;
				GCC_WARN_UNUSED_FUNCTION = YES;
				GCC_WARN_UNUSED_VARIABLE = YES;
				IPHONEOS_DEPLOYMENT_TARGET = 13.2;
				MTL_ENABLE_DEBUG_INFO = INCLUDE_SOURCE;
				MTL_FAST_MATH = YES;
				ONLY_ACTIVE_ARCH = YES;
				SDKROOT = iphoneos;
				SWIFT_ACTIVE_COMPILATION_CONDITIONS = DEBUG;
				SWIFT_OPTIMIZATION_LEVEL = "-Onone";
			};
			name = Debug;
		};
		3560D69C244B1E8400296A58 /* Release */ = {
			isa = XCBuildConfiguration;
			buildSettings = {
				ALWAYS_SEARCH_USER_PATHS = NO;
				CLANG_ANALYZER_NONNULL = YES;
				CLANG_ANALYZER_NUMBER_OBJECT_CONVERSION = YES_AGGRESSIVE;
				CLANG_CXX_LANGUAGE_STANDARD = "gnu++14";
				CLANG_CXX_LIBRARY = "libc++";
				CLANG_ENABLE_MODULES = YES;
				CLANG_ENABLE_OBJC_ARC = YES;
				CLANG_ENABLE_OBJC_WEAK = YES;
				CLANG_WARN_BLOCK_CAPTURE_AUTORELEASING = YES;
				CLANG_WARN_BOOL_CONVERSION = YES;
				CLANG_WARN_COMMA = YES;
				CLANG_WARN_CONSTANT_CONVERSION = YES;
				CLANG_WARN_DEPRECATED_OBJC_IMPLEMENTATIONS = YES;
				CLANG_WARN_DIRECT_OBJC_ISA_USAGE = YES_ERROR;
				CLANG_WARN_DOCUMENTATION_COMMENTS = YES;
				CLANG_WARN_EMPTY_BODY = YES;
				CLANG_WARN_ENUM_CONVERSION = YES;
				CLANG_WARN_INFINITE_RECURSION = YES;
				CLANG_WARN_INT_CONVERSION = YES;
				CLANG_WARN_NON_LITERAL_NULL_CONVERSION = YES;
				CLANG_WARN_OBJC_IMPLICIT_RETAIN_SELF = YES;
				CLANG_WARN_OBJC_LITERAL_CONVERSION = YES;
				CLANG_WARN_OBJC_ROOT_CLASS = YES_ERROR;
				CLANG_WARN_RANGE_LOOP_ANALYSIS = YES;
				CLANG_WARN_STRICT_PROTOTYPES = YES;
				CLANG_WARN_SUSPICIOUS_MOVE = YES;
				CLANG_WARN_UNGUARDED_AVAILABILITY = YES_AGGRESSIVE;
				CLANG_WARN_UNREACHABLE_CODE = YES;
				CLANG_WARN__DUPLICATE_METHOD_MATCH = YES;
				COPY_PHASE_STRIP = NO;
				DEBUG_INFORMATION_FORMAT = "dwarf-with-dsym";
				ENABLE_NS_ASSERTIONS = NO;
				ENABLE_STRICT_OBJC_MSGSEND = YES;
				GCC_C_LANGUAGE_STANDARD = gnu11;
				GCC_NO_COMMON_BLOCKS = YES;
				GCC_WARN_64_TO_32_BIT_CONVERSION = YES;
				GCC_WARN_ABOUT_RETURN_TYPE = YES_ERROR;
				GCC_WARN_UNDECLARED_SELECTOR = YES;
				GCC_WARN_UNINITIALIZED_AUTOS = YES_AGGRESSIVE;
				GCC_WARN_UNUSED_FUNCTION = YES;
				GCC_WARN_UNUSED_VARIABLE = YES;
				IPHONEOS_DEPLOYMENT_TARGET = 13.2;
				MTL_ENABLE_DEBUG_INFO = NO;
				MTL_FAST_MATH = YES;
				SDKROOT = iphoneos;
				SWIFT_COMPILATION_MODE = wholemodule;
				SWIFT_OPTIMIZATION_LEVEL = "-O";
				VALIDATE_PRODUCT = YES;
			};
			name = Release;
		};
		3560D69E244B1E8400296A58 /* Debug */ = {
			isa = XCBuildConfiguration;
			buildSettings = {
				ASSETCATALOG_COMPILER_APPICON_NAME = AppIcon;
				CODE_SIGN_STYLE = Automatic;
				DEVELOPMENT_TEAM = ZUAZ6FEHBX;
				INFOPLIST_FILE = SilverLinkTest/Info.plist;
				LD_RUNPATH_SEARCH_PATHS = (
					"$(inherited)",
					"@executable_path/Frameworks",
				);
				PRODUCT_BUNDLE_IDENTIFIER = in.rk.SilverLinkTest;
				PRODUCT_NAME = "$(TARGET_NAME)";
				SWIFT_VERSION = 5.0;
				TARGETED_DEVICE_FAMILY = "1,2";
			};
			name = Debug;
		};
		3560D69F244B1E8400296A58 /* Release */ = {
			isa = XCBuildConfiguration;
			buildSettings = {
				ASSETCATALOG_COMPILER_APPICON_NAME = AppIcon;
				CODE_SIGN_STYLE = Automatic;
				DEVELOPMENT_TEAM = ZUAZ6FEHBX;
				INFOPLIST_FILE = SilverLinkTest/Info.plist;
				LD_RUNPATH_SEARCH_PATHS = (
					"$(inherited)",
					"@executable_path/Frameworks",
				);
				PRODUCT_BUNDLE_IDENTIFIER = in.rk.SilverLinkTest;
				PRODUCT_NAME = "$(TARGET_NAME)";
				SWIFT_VERSION = 5.0;
				TARGETED_DEVICE_FAMILY = "1,2";
			};
			name = Release;
		};
		3560D6A1244B1E8400296A58 /* Debug */ = {
			isa = XCBuildConfiguration;
			buildSettings = {
				ALWAYS_EMBED_SWIFT_STANDARD_LIBRARIES = YES;
				BUNDLE_LOADER = "$(TEST_HOST)";
				CODE_SIGN_STYLE = Automatic;
				DEVELOPMENT_TEAM = ZUAZ6FEHBX;
				INFOPLIST_FILE = SilverLinkTestTests/Info.plist;
				IPHONEOS_DEPLOYMENT_TARGET = 13.2;
				LD_RUNPATH_SEARCH_PATHS = (
					"$(inherited)",
					"@executable_path/Frameworks",
					"@loader_path/Frameworks",
				);
				PRODUCT_BUNDLE_IDENTIFIER = in.rk.SilverLinkTestTests;
				PRODUCT_NAME = "$(TARGET_NAME)";
				SWIFT_VERSION = 5.0;
				TARGETED_DEVICE_FAMILY = "1,2";
				TEST_HOST = "$(BUILT_PRODUCTS_DIR)/SilverLinkTest.app/SilverLinkTest";
			};
			name = Debug;
		};
		3560D6A2244B1E8400296A58 /* Release */ = {
			isa = XCBuildConfiguration;
			buildSettings = {
				ALWAYS_EMBED_SWIFT_STANDARD_LIBRARIES = YES;
				BUNDLE_LOADER = "$(TEST_HOST)";
				CODE_SIGN_STYLE = Automatic;
				DEVELOPMENT_TEAM = ZUAZ6FEHBX;
				INFOPLIST_FILE = SilverLinkTestTests/Info.plist;
				IPHONEOS_DEPLOYMENT_TARGET = 13.2;
				LD_RUNPATH_SEARCH_PATHS = (
					"$(inherited)",
					"@executable_path/Frameworks",
					"@loader_path/Frameworks",
				);
				PRODUCT_BUNDLE_IDENTIFIER = in.rk.SilverLinkTestTests;
				PRODUCT_NAME = "$(TARGET_NAME)";
				SWIFT_VERSION = 5.0;
				TARGETED_DEVICE_FAMILY = "1,2";
				TEST_HOST = "$(BUILT_PRODUCTS_DIR)/SilverLinkTest.app/SilverLinkTest";
			};
			name = Release;
		};
		3560D6A4244B1E8400296A58 /* Debug */ = {
			isa = XCBuildConfiguration;
			buildSettings = {
				ALWAYS_EMBED_SWIFT_STANDARD_LIBRARIES = YES;
				CODE_SIGN_STYLE = Automatic;
				DEVELOPMENT_TEAM = ZUAZ6FEHBX;
				INFOPLIST_FILE = SilverLinkTestUITests/Info.plist;
				LD_RUNPATH_SEARCH_PATHS = (
					"$(inherited)",
					"@executable_path/Frameworks",
					"@loader_path/Frameworks",
				);
				PRODUCT_BUNDLE_IDENTIFIER = in.rk.SilverLinkTestUITests;
				PRODUCT_NAME = "$(TARGET_NAME)";
				SWIFT_VERSION = 5.0;
				TARGETED_DEVICE_FAMILY = "1,2";
				TEST_TARGET_NAME = SilverLinkTest;
			};
			name = Debug;
		};
		3560D6A5244B1E8400296A58 /* Release */ = {
			isa = XCBuildConfiguration;
			buildSettings = {
				ALWAYS_EMBED_SWIFT_STANDARD_LIBRARIES = YES;
				CODE_SIGN_STYLE = Automatic;
				DEVELOPMENT_TEAM = ZUAZ6FEHBX;
				INFOPLIST_FILE = SilverLinkTestUITests/Info.plist;
				LD_RUNPATH_SEARCH_PATHS = (
					"$(inherited)",
					"@executable_path/Frameworks",
					"@loader_path/Frameworks",
				);
				PRODUCT_BUNDLE_IDENTIFIER = in.rk.SilverLinkTestUITests;
				PRODUCT_NAME = "$(TARGET_NAME)";
				SWIFT_VERSION = 5.0;
				TARGETED_DEVICE_FAMILY = "1,2";
				TEST_TARGET_NAME = SilverLinkTest;
			};
			name = Release;
		};
/* End XCBuildConfiguration section */

/* Begin XCConfigurationList section */
		3560D66E244B1E8300296A58 /* Build configuration list for PBXProject "SilverLinkTest" */ = {
			isa = XCConfigurationList;
			buildConfigurations = (
				3560D69B244B1E8400296A58 /* Debug */,
				3560D69C244B1E8400296A58 /* Release */,
			);
			defaultConfigurationIsVisible = 0;
			defaultConfigurationName = Release;
		};
		3560D69D244B1E8400296A58 /* Build configuration list for PBXNativeTarget "SilverLinkTest" */ = {
			isa = XCConfigurationList;
			buildConfigurations = (
				3560D69E244B1E8400296A58 /* Debug */,
				3560D69F244B1E8400296A58 /* Release */,
			);
			defaultConfigurationIsVisible = 0;
			defaultConfigurationName = Release;
		};
		3560D6A0244B1E8400296A58 /* Build configuration list for PBXNativeTarget "SilverLinkTestTests" */ = {
			isa = XCConfigurationList;
			buildConfigurations = (
				3560D6A1244B1E8400296A58 /* Debug */,
				3560D6A2244B1E8400296A58 /* Release */,
			);
			defaultConfigurationIsVisible = 0;
			defaultConfigurationName = Release;
		};
		3560D6A3244B1E8400296A58 /* Build configuration list for PBXNativeTarget "SilverLinkTestUITests" */ = {
			isa = XCConfigurationList;
			buildConfigurations = (
				3560D6A4244B1E8400296A58 /* Debug */,
				3560D6A5244B1E8400296A58 /* Release */,
			);
			defaultConfigurationIsVisible = 0;
			defaultConfigurationName = Release;
		};
/* End XCConfigurationList section */
	};
	rootObject = 3560D66B244B1E8300296A58 /* Project object */;
}
