// !$*UTF8*$!
{
	archiveVersion = 1;
	classes = {
	};
	objectVersion = 51;
	objects = {

/* Begin PBXBuildFile section */
		111C447F4CEFBDE0225BDBEE /* Pods_SilverLinkTestTests.framework in Frameworks */ = {isa = PBXBuildFile; fileRef = 1E08414D3C1897838F30FA59 /* Pods_SilverLinkTestTests.framework */; };
		3560D677244B1E8300296A58 /* AppDelegate.swift in Sources */ = {isa = PBXBuildFile; fileRef = 3560D676244B1E8300296A58 /* AppDelegate.swift */; };
		3560D680244B1E8400296A58 /* Assets.xcassets in Resources */ = {isa = PBXBuildFile; fileRef = 3560D67F244B1E8400296A58 /* Assets.xcassets */; };
		3560D683244B1E8400296A58 /* LaunchScreen.storyboard in Resources */ = {isa = PBXBuildFile; fileRef = 3560D681244B1E8400296A58 /* LaunchScreen.storyboard */; };
		3560D68E244B1E8400296A58 /* SilverLinkTestTests.swift in Sources */ = {isa = PBXBuildFile; fileRef = 3560D68D244B1E8400296A58 /* SilverLinkTestTests.swift */; };
		3560D699244B1E8400296A58 /* SilverLinkTestUITests.swift in Sources */ = {isa = PBXBuildFile; fileRef = 3560D698244B1E8400296A58 /* SilverLinkTestUITests.swift */; };
		3560D6AA244B3EB800296A58 /* BasicInfoTableViewCell.swift in Sources */ = {isa = PBXBuildFile; fileRef = 3560D6A9244B3EB800296A58 /* BasicInfoTableViewCell.swift */; };
		3560D6AC244B3F8A00296A58 /* ListViewController.swift in Sources */ = {isa = PBXBuildFile; fileRef = 3560D6AB244B3F8A00296A58 /* ListViewController.swift */; };
		3560D6B2244B4BFA00296A58 /* ListDataModel.swift in Sources */ = {isa = PBXBuildFile; fileRef = 3560D6B1244B4BFA00296A58 /* ListDataModel.swift */; };
		3560D6B4244B4C3A00296A58 /* ListViewModel.swift in Sources */ = {isa = PBXBuildFile; fileRef = 3560D6B3244B4C3A00296A58 /* ListViewModel.swift */; };
		3560D6B6244B4C9C00296A58 /* DatasourceProtocol.swift in Sources */ = {isa = PBXBuildFile; fileRef = 3560D6B5244B4C9C00296A58 /* DatasourceProtocol.swift */; };
		3560D6B8244B4D3700296A58 /* ListViewDataService.swift in Sources */ = {isa = PBXBuildFile; fileRef = 3560D6B7244B4D3700296A58 /* ListViewDataService.swift */; };
		3560D6BB244B4EB800296A58 /* Constants.swift in Sources */ = {isa = PBXBuildFile; fileRef = 3560D6BA244B4EB800296A58 /* Constants.swift */; };
		3560D6BD244B506300296A58 /* StringExtensions.swift in Sources */ = {isa = PBXBuildFile; fileRef = 3560D6BC244B506300296A58 /* StringExtensions.swift */; };
		3560D6C2244B50CA00296A58 /* RK_MsgView.swift in Sources */ = {isa = PBXBuildFile; fileRef = 3560D6C0244B50CA00296A58 /* RK_MsgView.swift */; };
		3560D6C3244B50CA00296A58 /* BannerMessage.swift in Sources */ = {isa = PBXBuildFile; fileRef = 3560D6C1244B50CA00296A58 /* BannerMessage.swift */; };
		3560D6C5244B51EE00296A58 /* WebServiceHandler.swift in Sources */ = {isa = PBXBuildFile; fileRef = 3560D6C4244B51EE00296A58 /* WebServiceHandler.swift */; };
		3F962ED8BEB6060190F15C7D /* Pods_SilverLinkTest.framework in Frameworks */ = {isa = PBXBuildFile; fileRef = 3084DB18B5D912FA00CF2A51 /* Pods_SilverLinkTest.framework */; };
		F23202B86B95AA6D58FC6471 /* Pods_SilverLinkTest_SilverLinkTestUITests.framework in Frameworks */ = {isa = PBXBuildFile; fileRef = A82401E4D07B500D1F48DEAE /* Pods_SilverLinkTest_SilverLinkTestUITests.framework */; };
/* End PBXBuildFile section */

/* Begin PBXContainerItemProxy section */
		3560D68A244B1E8400296A58 /* PBXContainerItemProxy */ = {
			isa = PBXContainerItemProxy;
			containerPortal = 3560D66B244B1E8300296A58 /* Project object */;
			proxyType = 1;
			remoteGlobalIDString = 3560D672244B1E8300296A58;
			remoteInfo = SilverLinkTest;
		};
		3560D695244B1E8400296A58 /* PBXContainerItemProxy */ = {
			isa = PBXContainerItemProxy;
			containerPortal = 3560D66B244B1E8300296A58 /* Project object */;
			proxyType = 1;
			remoteGlobalIDString = 3560D672244B1E8300296A58;
			remoteInfo = SilverLinkTest;
		};
/* End PBXContainerItemProxy section */

/* Begin PBXFileReference section */
		19FB08D19B1238E7BA4B9E00 /* Pods-SilverLinkTest.release.xcconfig */ = {isa = PBXFileReference; includeInIndex = 1; lastKnownFileType = text.xcconfig; name = "Pods-SilverLinkTest.release.xcconfig"; path = "Target Support Files/Pods-SilverLinkTest/Pods-SilverLinkTest.release.xcconfig"; sourceTree = "<group>"; };
		1E08414D3C1897838F30FA59 /* Pods_SilverLinkTestTests.framework */ = {isa = PBXFileReference; explicitFileType = wrapper.framework; includeInIndex = 0; path = Pods_SilverLinkTestTests.framework; sourceTree = BUILT_PRODUCTS_DIR; };
		271A47255F4191EB1D35FD6A /* Pods-SilverLinkTestTests.release.xcconfig */ = {isa = PBXFileReference; includeInIndex = 1; lastKnownFileType = text.xcconfig; name = "Pods-SilverLinkTestTests.release.xcconfig"; path = "Target Support Files/Pods-SilverLinkTestTests/Pods-SilverLinkTestTests.release.xcconfig"; sourceTree = "<group>"; };
		3084DB18B5D912FA00CF2A51 /* Pods_SilverLinkTest.framework */ = {isa = PBXFileReference; explicitFileType = wrapper.framework; includeInIndex = 0; path = Pods_SilverLinkTest.framework; sourceTree = BUILT_PRODUCTS_DIR; };
		3560D673244B1E8300296A58 /* SilverLinkTest.app */ = {isa = PBXFileReference; explicitFileType = wrapper.application; includeInIndex = 0; path = SilverLinkTest.app; sourceTree = BUILT_PRODUCTS_DIR; };
		3560D676244B1E8300296A58 /* AppDelegate.swift */ = {isa = PBXFileReference; lastKnownFileType = sourcecode.swift; path = AppDelegate.swift; sourceTree = "<group>"; };
		3560D67F244B1E8400296A58 /* Assets.xcassets */ = {isa = PBXFileReference; lastKnownFileType = folder.assetcatalog; path = Assets.xcassets; sourceTree = "<group>"; };
		3560D682244B1E8400296A58 /* Base */ = {isa = PBXFileReference; lastKnownFileType = file.storyboard; name = Base; path = Base.lproj/LaunchScreen.storyboard; sourceTree = "<group>"; };
		3560D684244B1E8400296A58 /* Info.plist */ = {isa = PBXFileReference; lastKnownFileType = text.plist.xml; path = Info.plist; sourceTree = "<group>"; };
		3560D689244B1E8400296A58 /* SilverLinkTestTests.xctest */ = {isa = PBXFileReference; explicitFileType = wrapper.cfbundle; includeInIndex = 0; path = SilverLinkTestTests.xctest; sourceTree = BUILT_PRODUCTS_DIR; };
		3560D68D244B1E8400296A58 /* SilverLinkTestTests.swift */ = {isa = PBXFileReference; lastKnownFileType = sourcecode.swift; path = SilverLinkTestTests.swift; sourceTree = "<group>"; };
		3560D68F244B1E8400296A58 /* Info.plist */ = {isa = PBXFileReference; lastKnownFileType = text.plist.xml; path = Info.plist; sourceTree = "<group>"; };
		3560D694244B1E8400296A58 /* SilverLinkTestUITests.xctest */ = {isa = PBXFileReference; explicitFileType = wrapper.cfbundle; includeInIndex = 0; path = SilverLinkTestUITests.xctest; sourceTree = BUILT_PRODUCTS_DIR; };
		3560D698244B1E8400296A58 /* SilverLinkTestUITests.swift */ = {isa = PBXFileReference; lastKnownFileType = sourcecode.swift; path = SilverLinkTestUITests.swift; sourceTree = "<group>"; };
		3560D69A244B1E8400296A58 /* Info.plist */ = {isa = PBXFileReference; lastKnownFileType = text.plist.xml; path = Info.plist; sourceTree = "<group>"; };
		3560D6A9244B3EB800296A58 /* BasicInfoTableViewCell.swift */ = {isa = PBXFileReference; lastKnownFileType = sourcecode.swift; name = BasicInfoTableViewCell.swift; path = SilverLinkTest/Views/BasicInfoTableViewCell.swift; sourceTree = SOURCE_ROOT; };
		3560D6AB244B3F8A00296A58 /* ListViewController.swift */ = {isa = PBXFileReference; lastKnownFileType = sourcecode.swift; path = ListViewController.swift; sourceTree = "<group>"; };
		3560D6B1244B4BFA00296A58 /* ListDataModel.swift */ = {isa = PBXFileReference; lastKnownFileType = sourcecode.swift; path = ListDataModel.swift; sourceTree = "<group>"; };
		3560D6B3244B4C3A00296A58 /* ListViewModel.swift */ = {isa = PBXFileReference; lastKnownFileType = sourcecode.swift; path = ListViewModel.swift; sourceTree = "<group>"; };
		3560D6B5244B4C9C00296A58 /* DatasourceProtocol.swift */ = {isa = PBXFileReference; lastKnownFileType = sourcecode.swift; path = DatasourceProtocol.swift; sourceTree = "<group>"; };
		3560D6B7244B4D3700296A58 /* ListViewDataService.swift */ = {isa = PBXFileReference; lastKnownFileType = sourcecode.swift; path = ListViewDataService.swift; sourceTree = "<group>"; };
		3560D6BA244B4EB800296A58 /* Constants.swift */ = {isa = PBXFileReference; lastKnownFileType = sourcecode.swift; path = Constants.swift; sourceTree = "<group>"; };
		3560D6BC244B506300296A58 /* StringExtensions.swift */ = {isa = PBXFileReference; lastKnownFileType = sourcecode.swift; path = StringExtensions.swift; sourceTree = "<group>"; };
		3560D6C0244B50CA00296A58 /* RK_MsgView.swift */ = {isa = PBXFileReference; fileEncoding = 4; lastKnownFileType = sourcecode.swift; path = RK_MsgView.swift; sourceTree = "<group>"; };
		3560D6C1244B50CA00296A58 /* BannerMessage.swift */ = {isa = PBXFileReference; fileEncoding = 4; lastKnownFileType = sourcecode.swift; path = BannerMessage.swift; sourceTree = "<group>"; };
		3560D6C4244B51EE00296A58 /* WebServiceHandler.swift */ = {isa = PBXFileReference; lastKnownFileType = sourcecode.swift; path = WebServiceHandler.swift; sourceTree = "<group>"; };
		68B50C7F887864A3B7D1BDC6 /* Pods-SilverLinkTestTests.debug.xcconfig */ = {isa = PBXFileReference; includeInIndex = 1; lastKnownFileType = text.xcconfig; name = "Pods-SilverLinkTestTests.debug.xcconfig"; path = "Target Support Files/Pods-SilverLinkTestTests/Pods-SilverLinkTestTests.debug.xcconfig"; sourceTree = "<group>"; };
		A82401E4D07B500D1F48DEAE /* Pods_SilverLinkTest_SilverLinkTestUITests.framework */ = {isa = PBXFileReference; explicitFileType = wrapper.framework; includeInIndex = 0; path = Pods_SilverLinkTest_SilverLinkTestUITests.framework; sourceTree = BUILT_PRODUCTS_DIR; };
		B11C2193B1EA801D1EE97140 /* Pods-SilverLinkTest-SilverLinkTestUITests.debug.xcconfig */ = {isa = PBXFileReference; includeInIndex = 1; lastKnownFileType = text.xcconfig; name = "Pods-SilverLinkTest-SilverLinkTestUITests.debug.xcconfig"; path = "Target Support Files/Pods-SilverLinkTest-SilverLinkTestUITests/Pods-SilverLinkTest-SilverLinkTestUITests.debug.xcconfig"; sourceTree = "<group>"; };
		B84386801ABE92EB82C8D225 /* Pods-SilverLinkTest-SilverLinkTestUITests.release.xcconfig */ = {isa = PBXFileReference; includeInIndex = 1; lastKnownFileType = text.xcconfig; name = "Pods-SilverLinkTest-SilverLinkTestUITests.release.xcconfig"; path = "Target Support Files/Pods-SilverLinkTest-SilverLinkTestUITests/Pods-SilverLinkTest-SilverLinkTestUITests.release.xcconfig"; sourceTree = "<group>"; };
		CC120EC1837FB6F11BEB606C /* Pods-SilverLinkTest.debug.xcconfig */ = {isa = PBXFileReference; includeInIndex = 1; lastKnownFileType = text.xcconfig; name = "Pods-SilverLinkTest.debug.xcconfig"; path = "Target Support Files/Pods-SilverLinkTest/Pods-SilverLinkTest.debug.xcconfig"; sourceTree = "<group>"; };
/* End PBXFileReference section */

/* Begin PBXFrameworksBuildPhase section */
		3560D670244B1E8300296A58 /* Frameworks */ = {
			isa = PBXFrameworksBuildPhase;
			buildActionMask = 2147483647;
			files = (
				3F962ED8BEB6060190F15C7D /* Pods_SilverLinkTest.framework in Frameworks */,
			);
			runOnlyForDeploymentPostprocessing = 0;
		};
		3560D686244B1E8400296A58 /* Frameworks */ = {
			isa = PBXFrameworksBuildPhase;
			buildActionMask = 2147483647;
			files = (
				111C447F4CEFBDE0225BDBEE /* Pods_SilverLinkTestTests.framework in Frameworks */,
			);
			runOnlyForDeploymentPostprocessing = 0;
		};
		3560D691244B1E8400296A58 /* Frameworks */ = {
			isa = PBXFrameworksBuildPhase;
			buildActionMask = 2147483647;
			files = (
				F23202B86B95AA6D58FC6471 /* Pods_SilverLinkTest_SilverLinkTestUITests.framework in Frameworks */,
			);
			runOnlyForDeploymentPostprocessing = 0;
		};
/* End PBXFrameworksBuildPhase section */

/* Begin PBXGroup section */
		3560D66A244B1E8300296A58 = {
			isa = PBXGroup;
			children = (
				3560D675244B1E8300296A58 /* SilverLinkTest */,
				3560D68C244B1E8400296A58 /* SilverLinkTestTests */,
				3560D697244B1E8400296A58 /* SilverLinkTestUITests */,
				3560D674244B1E8300296A58 /* Products */,
				A63820F8D09406314F376BAC /* Pods */,
				E14FB4F351558D022905A1F1 /* Frameworks */,
			);
			sourceTree = "<group>";
		};
		3560D674244B1E8300296A58 /* Products */ = {
			isa = PBXGroup;
			children = (
				3560D673244B1E8300296A58 /* SilverLinkTest.app */,
				3560D689244B1E8400296A58 /* SilverLinkTestTests.xctest */,
				3560D694244B1E8400296A58 /* SilverLinkTestUITests.xctest */,
			);
			name = Products;
			sourceTree = "<group>";
		};
		3560D675244B1E8300296A58 /* SilverLinkTest */ = {
			isa = PBXGroup;
			children = (
				3560D6BE244B507500296A58 /* Services */,
				3560D6B9244B4EA100296A58 /* Utility */,
				3560D6B0244B4AE600296A58 /* ViewModel */,
				3560D6AF244B4ADB00296A58 /* Model */,
				3560D6A8244B3E7A00296A58 /* ViewController */,
				3560D6A7244B3E7100296A58 /* Views */,
				3560D6A6244B3E4800296A58 /* AppDelegate */,
				3560D67F244B1E8400296A58 /* Assets.xcassets */,
				3560D681244B1E8400296A58 /* LaunchScreen.storyboard */,
				3560D684244B1E8400296A58 /* Info.plist */,
			);
			path = SilverLinkTest;
			sourceTree = "<group>";
		};
		3560D68C244B1E8400296A58 /* SilverLinkTestTests */ = {
			isa = PBXGroup;
			children = (
				3560D68D244B1E8400296A58 /* SilverLinkTestTests.swift */,
				3560D68F244B1E8400296A58 /* Info.plist */,
			);
			path = SilverLinkTestTests;
			sourceTree = "<group>";
		};
		3560D697244B1E8400296A58 /* SilverLinkTestUITests */ = {
			isa = PBXGroup;
			children = (
				3560D698244B1E8400296A58 /* SilverLinkTestUITests.swift */,
				3560D69A244B1E8400296A58 /* Info.plist */,
			);
			path = SilverLinkTestUITests;
			sourceTree = "<group>";
		};
		3560D6A6244B3E4800296A58 /* AppDelegate */ = {
			isa = PBXGroup;
			children = (
				3560D676244B1E8300296A58 /* AppDelegate.swift */,
			);
			path = AppDelegate;
			sourceTree = "<group>";
		};
		3560D6A7244B3E7100296A58 /* Views */ = {
			isa = PBXGroup;
			children = (
				3560D6A9244B3EB800296A58 /* BasicInfoTableViewCell.swift */,
			);
			path = Views;
			sourceTree = "<group>";
		};
		3560D6A8244B3E7A00296A58 /* ViewController */ = {
			isa = PBXGroup;
			children = (
				3560D6AB244B3F8A00296A58 /* ListViewController.swift */,
				3560D6B7244B4D3700296A58 /* ListViewDataService.swift */,
			);
			path = ViewController;
			sourceTree = "<group>";
		};
		3560D6AF244B4ADB00296A58 /* Model */ = {
			isa = PBXGroup;
			children = (
				3560D6B1244B4BFA00296A58 /* ListDataModel.swift */,
			);
			path = Model;
			sourceTree = "<group>";
		};
		3560D6B0244B4AE600296A58 /* ViewModel */ = {
			isa = PBXGroup;
			children = (
				3560D6B3244B4C3A00296A58 /* ListViewModel.swift */,
				3560D6B5244B4C9C00296A58 /* DatasourceProtocol.swift */,
			);
			path = ViewModel;
			sourceTree = "<group>";
		};
		3560D6B9244B4EA100296A58 /* Utility */ = {
			isa = PBXGroup;
			children = (
				3560D6C1244B50CA00296A58 /* BannerMessage.swift */,
				3560D6C0244B50CA00296A58 /* RK_MsgView.swift */,
				3560D6BA244B4EB800296A58 /* Constants.swift */,
				3560D6BC244B506300296A58 /* StringExtensions.swift */,
			);
			path = Utility;
			sourceTree = "<group>";
		};
		3560D6BE244B507500296A58 /* Services */ = {
			isa = PBXGroup;
			children = (
				3560D6BF244B507C00296A58 /* Network */,
			);
			path = Services;
			sourceTree = "<group>";
		};
		3560D6BF244B507C00296A58 /* Network */ = {
			isa = PBXGroup;
			children = (
				3560D6C4244B51EE00296A58 /* WebServiceHandler.swift */,
			);
			path = Network;
			sourceTree = "<group>";
		};
		A63820F8D09406314F376BAC /* Pods */ = {
			isa = PBXGroup;
			children = (
				CC120EC1837FB6F11BEB606C /* Pods-SilverLinkTest.debug.xcconfig */,
				19FB08D19B1238E7BA4B9E00 /* Pods-SilverLinkTest.release.xcconfig */,
				B11C2193B1EA801D1EE97140 /* Pods-SilverLinkTest-SilverLinkTestUITests.debug.xcconfig */,
				B84386801ABE92EB82C8D225 /* Pods-SilverLinkTest-SilverLinkTestUITests.release.xcconfig */,
				68B50C7F887864A3B7D1BDC6 /* Pods-SilverLinkTestTests.debug.xcconfig */,
				271A47255F4191EB1D35FD6A /* Pods-SilverLinkTestTests.release.xcconfig */,
			);
			path = Pods;
			sourceTree = "<group>";
		};
		E14FB4F351558D022905A1F1 /* Frameworks */ = {
			isa = PBXGroup;
			children = (
				3084DB18B5D912FA00CF2A51 /* Pods_SilverLinkTest.framework */,
				A82401E4D07B500D1F48DEAE /* Pods_SilverLinkTest_SilverLinkTestUITests.framework */,
				1E08414D3C1897838F30FA59 /* Pods_SilverLinkTestTests.framework */,
			);
			name = Frameworks;
			sourceTree = "<group>";
		};
/* End PBXGroup section */

/* Begin PBXNativeTarget section */
		3560D672244B1E8300296A58 /* SilverLinkTest */ = {
			isa = PBXNativeTarget;
			buildConfigurationList = 3560D69D244B1E8400296A58 /* Build configuration list for PBXNativeTarget "SilverLinkTest" */;
			buildPhases = (
				6FDF4CE826AB99A74C22B638 /* [CP] Check Pods Manifest.lock */,
				3560D66F244B1E8300296A58 /* Sources */,
				3560D670244B1E8300296A58 /* Frameworks */,
				3560D671244B1E8300296A58 /* Resources */,
				A1421B6E6BF4ADEB7F606331 /* [CP] Embed Pods Frameworks */,
				3560D6AD244B436F00296A58 /* ShellScript */,
				3560D6AE244B450300296A58 /* ShellScript */,
			);
			buildRules = (
			);
			dependencies = (
			);
			name = SilverLinkTest;
			productName = SilverLinkTest;
			productReference = 3560D673244B1E8300296A58 /* SilverLinkTest.app */;
			productType = "com.apple.product-type.application";
		};
		3560D688244B1E8400296A58 /* SilverLinkTestTests */ = {
			isa = PBXNativeTarget;
			buildConfigurationList = 3560D6A0244B1E8400296A58 /* Build configuration list for PBXNativeTarget "SilverLinkTestTests" */;
			buildPhases = (
				852CDFBF47B431683106E42D /* [CP] Check Pods Manifest.lock */,
				3560D685244B1E8400296A58 /* Sources */,
				3560D686244B1E8400296A58 /* Frameworks */,
				3560D687244B1E8400296A58 /* Resources */,
			);
			buildRules = (
			);
			dependencies = (
				3560D68B244B1E8400296A58 /* PBXTargetDependency */,
			);
			name = SilverLinkTestTests;
			productName = SilverLinkTestTests;
			productReference = 3560D689244B1E8400296A58 /* SilverLinkTestTests.xctest */;
			productType = "com.apple.product-type.bundle.unit-test";
		};
		3560D693244B1E8400296A58 /* SilverLinkTestUITests */ = {
			isa = PBXNativeTarget;
			buildConfigurationList = 3560D6A3244B1E8400296A58 /* Build configuration list for PBXNativeTarget "SilverLinkTestUITests" */;
			buildPhases = (
				C3E429BEE103763B7F973D91 /* [CP] Check Pods Manifest.lock */,
				3560D690244B1E8400296A58 /* Sources */,
				3560D691244B1E8400296A58 /* Frameworks */,
				3560D692244B1E8400296A58 /* Resources */,
				9D23E278280E40F03AC309AB /* [CP] Embed Pods Frameworks */,
			);
			buildRules = (
			);
			dependencies = (
				3560D696244B1E8400296A58 /* PBXTargetDependency */,
			);
			name = SilverLinkTestUITests;
			productName = SilverLinkTestUITests;
			productReference = 3560D694244B1E8400296A58 /* SilverLinkTestUITests.xctest */;
			productType = "com.apple.product-type.bundle.ui-testing";
		};
/* End PBXNativeTarget section */

/* Begin PBXProject section */
		3560D66B244B1E8300296A58 /* Project object */ = {
			isa = PBXProject;
			attributes = {
				LastSwiftUpdateCheck = 1130;
				LastUpgradeCheck = 1130;
				ORGANIZATIONNAME = "Raj Kadam";
				TargetAttributes = {
					3560D672244B1E8300296A58 = {
						CreatedOnToolsVersion = 11.3;
					};
					3560D688244B1E8400296A58 = {
						CreatedOnToolsVersion = 11.3;
						TestTargetID = 3560D672244B1E8300296A58;
					};
					3560D693244B1E8400296A58 = {
						CreatedOnToolsVersion = 11.3;
						TestTargetID = 3560D672244B1E8300296A58;
					};
				};
			};
			buildConfigurationList = 3560D66E244B1E8300296A58 /* Build configuration list for PBXProject "SilverLinkTest" */;
			compatibilityVersion = "Xcode 9.3";
			developmentRegion = en;
			hasScannedForEncodings = 0;
			knownRegions = (
				en,
				Base,
			);
			mainGroup = 3560D66A244B1E8300296A58;
			productRefGroup = 3560D674244B1E8300296A58 /* Products */;
			projectDirPath = "";
			projectRoot = "";
			targets = (
				3560D672244B1E8300296A58 /* SilverLinkTest */,
				3560D688244B1E8400296A58 /* SilverLinkTestTests */,
				3560D693244B1E8400296A58 /* SilverLinkTestUITests */,
			);
		};
/* End PBXProject section */

/* Begin PBXResourcesBuildPhase section */
		3560D671244B1E8300296A58 /* Resources */ = {
			isa = PBXResourcesBuildPhase;
			buildActionMask = 2147483647;
			files = (
				3560D683244B1E8400296A58 /* LaunchScreen.storyboard in Resources */,
				3560D680244B1E8400296A58 /* Assets.xcassets in Resources */,
			);
			runOnlyForDeploymentPostprocessing = 0;
		};
		3560D687244B1E8400296A58 /* Resources */ = {
			isa = PBXResourcesBuildPhase;
			buildActionMask = 2147483647;
			files = (
			);
			runOnlyForDeploymentPostprocessing = 0;
		};
		3560D692244B1E8400296A58 /* Resources */ = {
			isa = PBXResourcesBuildPhase;
			buildActionMask = 2147483647;
			files = (
			);
			runOnlyForDeploymentPostprocessing = 0;
		};
/* End PBXResourcesBuildPhase section */

/* Begin PBXShellScriptBuildPhase section */
		3560D6AD244B436F00296A58 /* ShellScript */ = {
			isa = PBXShellScriptBuildPhase;
			buildActionMask = 12;
			files = (
			);
			inputFileListPaths = (
			);
			inputPaths = (
			);
			outputFileListPaths = (
			);
			outputPaths = (
			);
			runOnlyForDeploymentPostprocessing = 0;
			shellPath = /bin/sh;
			shellScript = "
";
		};
		3560D6AE244B450300296A58 /* ShellScript */ = {
			isa = PBXShellScriptBuildPhase;
			buildActionMask = 2147483647;
			files = (
			);
			inputFileListPaths = (
			);
			inputPaths = (
			);
			outputFileListPaths = (
			);
			outputPaths = (
			);
			runOnlyForDeploymentPostprocessing = 0;
			shellPath = /bin/sh;
			shellScript = "\"${PODS_ROOT}/SwiftLint/swiftlint\"\n";
		};
		6FDF4CE826AB99A74C22B638 /* [CP] Check Pods Manifest.lock */ = {
			isa = PBXShellScriptBuildPhase;
			buildActionMask = 2147483647;
			files = (
			);
			inputFileListPaths = (
			);
			inputPaths = (
				"${PODS_PODFILE_DIR_PATH}/Podfile.lock",
				"${PODS_ROOT}/Manifest.lock",
			);
			name = "[CP] Check Pods Manifest.lock";
			outputFileListPaths = (
			);
			outputPaths = (
				"$(DERIVED_FILE_DIR)/Pods-SilverLinkTest-checkManifestLockResult.txt",
			);
			runOnlyForDeploymentPostprocessing = 0;
			shellPath = /bin/sh;
			shellScript = "diff \"${PODS_PODFILE_DIR_PATH}/Podfile.lock\" \"${PODS_ROOT}/Manifest.lock\" > /dev/null\nif [ $? != 0 ] ; then\n    # print error to STDERR\n    echo \"error: The sandbox is not in sync with the Podfile.lock. Run 'pod install' or update your CocoaPods installation.\" >&2\n    exit 1\nfi\n# This output is used by Xcode 'outputs' to avoid re-running this script phase.\necho \"SUCCESS\" > \"${SCRIPT_OUTPUT_FILE_0}\"\n";
			showEnvVarsInLog = 0;
		};
		852CDFBF47B431683106E42D /* [CP] Check Pods Manifest.lock */ = {
			isa = PBXShellScriptBuildPhase;
			buildActionMask = 2147483647;
			files = (
			);
			inputFileListPaths = (
			);
			inputPaths = (
				"${PODS_PODFILE_DIR_PATH}/Podfile.lock",
				"${PODS_ROOT}/Manifest.lock",
			);
			name = "[CP] Check Pods Manifest.lock";
			outputFileListPaths = (
			);
			outputPaths = (
				"$(DERIVED_FILE_DIR)/Pods-SilverLinkTestTests-checkManifestLockResult.txt",
			);
			runOnlyForDeploymentPostprocessing = 0;
			shellPath = /bin/sh;
			shellScript = "diff \"${PODS_PODFILE_DIR_PATH}/Podfile.lock\" \"${PODS_ROOT}/Manifest.lock\" > /dev/null\nif [ $? != 0 ] ; then\n    # print error to STDERR\n    echo \"error: The sandbox is not in sync with the Podfile.lock. Run 'pod install' or update your CocoaPods installation.\" >&2\n    exit 1\nfi\n# This output is used by Xcode 'outputs' to avoid re-running this script phase.\necho \"SUCCESS\" > \"${SCRIPT_OUTPUT_FILE_0}\"\n";
			showEnvVarsInLog = 0;
		};
		9D23E278280E40F03AC309AB /* [CP] Embed Pods Frameworks */ = {
			isa = PBXShellScriptBuildPhase;
			buildActionMask = 2147483647;
			files = (
			);
			inputFileListPaths = (
				"${PODS_ROOT}/Target Support Files/Pods-SilverLinkTest-SilverLinkTestUITests/Pods-SilverLinkTest-SilverLinkTestUITests-frameworks-${CONFIGURATION}-input-files.xcfilelist",
			);
			name = "[CP] Embed Pods Frameworks";
			outputFileListPaths = (
				"${PODS_ROOT}/Target Support Files/Pods-SilverLinkTest-SilverLinkTestUITests/Pods-SilverLinkTest-SilverLinkTestUITests-frameworks-${CONFIGURATION}-output-files.xcfilelist",
			);
			runOnlyForDeploymentPostprocessing = 0;
			shellPath = /bin/sh;
			shellScript = "\"${PODS_ROOT}/Target Support Files/Pods-SilverLinkTest-SilverLinkTestUITests/Pods-SilverLinkTest-SilverLinkTestUITests-frameworks.sh\"\n";
			showEnvVarsInLog = 0;
		};
		A1421B6E6BF4ADEB7F606331 /* [CP] Embed Pods Frameworks */ = {
			isa = PBXShellScriptBuildPhase;
			buildActionMask = 12;
			files = (
			);
			inputFileListPaths = (
				"${PODS_ROOT}/Target Support Files/Pods-SilverLinkTest/Pods-SilverLinkTest-frameworks-${CONFIGURATION}-input-files.xcfilelist",
			);
			name = "[CP] Embed Pods Frameworks";
			outputFileListPaths = (
				"${PODS_ROOT}/Target Support Files/Pods-SilverLinkTest/Pods-SilverLinkTest-frameworks-${CONFIGURATION}-output-files.xcfilelist",
			);
			runOnlyForDeploymentPostprocessing = 0;
			shellPath = /bin/sh;
			shellScript = "\"${PODS_ROOT}/Target Support Files/Pods-SilverLinkTest/Pods-SilverLinkTest-frameworks.sh\"\n";
			showEnvVarsInLog = 0;
		};
		C3E429BEE103763B7F973D91 /* [CP] Check Pods Manifest.lock */ = {
			isa = PBXShellScriptBuildPhase;
			buildActionMask = 2147483647;
			files = (
			);
			inputFileListPaths = (
			);
			inputPaths = (
				"${PODS_PODFILE_DIR_PATH}/Podfile.lock",
				"${PODS_ROOT}/Manifest.lock",
			);
			name = "[CP] Check Pods Manifest.lock";
			outputFileListPaths = (
			);
			outputPaths = (
				"$(DERIVED_FILE_DIR)/Pods-SilverLinkTest-SilverLinkTestUITests-checkManifestLockResult.txt",
			);
			runOnlyForDeploymentPostprocessing = 0;
			shellPath = /bin/sh;
			shellScript = "diff \"${PODS_PODFILE_DIR_PATH}/Podfile.lock\" \"${PODS_ROOT}/Manifest.lock\" > /dev/null\nif [ $? != 0 ] ; then\n    # print error to STDERR\n    echo \"error: The sandbox is not in sync with the Podfile.lock. Run 'pod install' or update your CocoaPods installation.\" >&2\n    exit 1\nfi\n# This output is used by Xcode 'outputs' to avoid re-running this script phase.\necho \"SUCCESS\" > \"${SCRIPT_OUTPUT_FILE_0}\"\n";
			showEnvVarsInLog = 0;
		};
/* End PBXShellScriptBuildPhase section */

/* Begin PBXSourcesBuildPhase section */
		3560D66F244B1E8300296A58 /* Sources */ = {
			isa = PBXSourcesBuildPhase;
			buildActionMask = 2147483647;
			files = (
				3560D6B8244B4D3700296A58 /* ListViewDataService.swift in Sources */,
				3560D6B4244B4C3A00296A58 /* ListViewModel.swift in Sources */,
				3560D6AA244B3EB800296A58 /* BasicInfoTableViewCell.swift in Sources */,
				3560D6C2244B50CA00296A58 /* RK_MsgView.swift in Sources */,
				3560D6BD244B506300296A58 /* StringExtensions.swift in Sources */,
				3560D6B2244B4BFA00296A58 /* ListDataModel.swift in Sources */,
				3560D677244B1E8300296A58 /* AppDelegate.swift in Sources */,
				3560D6C5244B51EE00296A58 /* WebServiceHandler.swift in Sources */,
				3560D6B6244B4C9C00296A58 /* DatasourceProtocol.swift in Sources */,
				3560D6AC244B3F8A00296A58 /* ListViewController.swift in Sources */,
				3560D6C3244B50CA00296A58 /* BannerMessage.swift in Sources */,
				3560D6BB244B4EB800296A58 /* Constants.swift in Sources */,
			);
			runOnlyForDeploymentPostprocessing = 0;
		};
		3560D685244B1E8400296A58 /* Sources */ = {
			isa = PBXSourcesBuildPhase;
			buildActionMask = 2147483647;
			files = (
				3560D68E244B1E8400296A58 /* SilverLinkTestTests.swift in Sources */,
			);
			runOnlyForDeploymentPostprocessing = 0;
		};
		3560D690244B1E8400296A58 /* Sources */ = {
			isa = PBXSourcesBuildPhase;
			buildActionMask = 2147483647;
			files = (
				3560D699244B1E8400296A58 /* SilverLinkTestUITests.swift in Sources */,
			);
			runOnlyForDeploymentPostprocessing = 0;
		};
/* End PBXSourcesBuildPhase section */

/* Begin PBXTargetDependency section */
		3560D68B244B1E8400296A58 /* PBXTargetDependency */ = {
			isa = PBXTargetDependency;
			target = 3560D672244B1E8300296A58 /* SilverLinkTest */;
			targetProxy = 3560D68A244B1E8400296A58 /* PBXContainerItemProxy */;
		};
		3560D696244B1E8400296A58 /* PBXTargetDependency */ = {
			isa = PBXTargetDependency;
			target = 3560D672244B1E8300296A58 /* SilverLinkTest */;
			targetProxy = 3560D695244B1E8400296A58 /* PBXContainerItemProxy */;
		};
/* End PBXTargetDependency section */

/* Begin PBXVariantGroup section */
		3560D681244B1E8400296A58 /* LaunchScreen.storyboard */ = {
			isa = PBXVariantGroup;
			children = (
				3560D682244B1E8400296A58 /* Base */,
			);
			name = LaunchScreen.storyboard;
			sourceTree = "<group>";
		};
/* End PBXVariantGroup section */

/* Begin XCBuildConfiguration section */
		3560D69B244B1E8400296A58 /* Debug */ = {
			isa = XCBuildConfiguration;
			buildSettings = {
				ALWAYS_SEARCH_USER_PATHS = NO;
				CLANG_ANALYZER_NONNULL = YES;
				CLANG_ANALYZER_NUMBER_OBJECT_CONVERSION = YES_AGGRESSIVE;
				CLANG_CXX_LANGUAGE_STANDARD = "gnu++14";
				CLANG_CXX_LIBRARY = "libc++";
				CLANG_ENABLE_MODULES = YES;
				CLANG_ENABLE_OBJC_ARC = YES;
				CLANG_ENABLE_OBJC_WEAK = YES;
				CLANG_WARN_BLOCK_CAPTURE_AUTORELEASING = YES;
				CLANG_WARN_BOOL_CONVERSION = YES;
				CLANG_WARN_COMMA = YES;
				CLANG_WARN_CONSTANT_CONVERSION = YES;
				CLANG_WARN_DEPRECATED_OBJC_IMPLEMENTATIONS = YES;
				CLANG_WARN_DIRECT_OBJC_ISA_USAGE = YES_ERROR;
				CLANG_WARN_DOCUMENTATION_COMMENTS = YES;
				CLANG_WARN_EMPTY_BODY = YES;
				CLANG_WARN_ENUM_CONVERSION = YES;
				CLANG_WARN_INFINITE_RECURSION = YES;
				CLANG_WARN_INT_CONVERSION = YES;
				CLANG_WARN_NON_LITERAL_NULL_CONVERSION = YES;
				CLANG_WARN_OBJC_IMPLICIT_RETAIN_SELF = YES;
				CLANG_WARN_OBJC_LITERAL_CONVERSION = YES;
				CLANG_WARN_OBJC_ROOT_CLASS = YES_ERROR;
				CLANG_WARN_RANGE_LOOP_ANALYSIS = YES;
				CLANG_WARN_STRICT_PROTOTYPES = YES;
				CLANG_WARN_SUSPICIOUS_MOVE = YES;
				CLANG_WARN_UNGUARDED_AVAILABILITY = YES_AGGRESSIVE;
				CLANG_WARN_UNREACHABLE_CODE = YES;
				CLANG_WARN__DUPLICATE_METHOD_MATCH = YES;
				COPY_PHASE_STRIP = NO;
				DEBUG_INFORMATION_FORMAT = dwarf;
				ENABLE_STRICT_OBJC_MSGSEND = YES;
				ENABLE_TESTABILITY = YES;
				GCC_C_LANGUAGE_STANDARD = gnu11;
				GCC_DYNAMIC_NO_PIC = NO;
				GCC_NO_COMMON_BLOCKS = YES;
				GCC_OPTIMIZATION_LEVEL = 0;
				GCC_PREPROCESSOR_DEFINITIONS = (
					"DEBUG=1",
					"$(inherited)",
				);
				GCC_WARN_64_TO_32_BIT_CONVERSION = YES;
				GCC_WARN_ABOUT_RETURN_TYPE = YES_ERROR;
				GCC_WARN_UNDECLARED_SELECTOR = YES;
				GCC_WARN_UNINITIALIZED_AUTOS = YES_AGGRESSIVE;
				GCC_WARN_UNUSED_FUNCTION = YES;
				GCC_WARN_UNUSED_VARIABLE = YES;
				IPHONEOS_DEPLOYMENT_TARGET = 13.2;
				MTL_ENABLE_DEBUG_INFO = INCLUDE_SOURCE;
				MTL_FAST_MATH = YES;
				ONLY_ACTIVE_ARCH = YES;
				SDKROOT = iphoneos;
				SWIFT_ACTIVE_COMPILATION_CONDITIONS = DEBUG;
				SWIFT_OPTIMIZATION_LEVEL = "-Onone";
			};
			name = Debug;
		};
		3560D69C244B1E8400296A58 /* Release */ = {
			isa = XCBuildConfiguration;
			buildSettings = {
				ALWAYS_SEARCH_USER_PATHS = NO;
				CLANG_ANALYZER_NONNULL = YES;
				CLANG_ANALYZER_NUMBER_OBJECT_CONVERSION = YES_AGGRESSIVE;
				CLANG_CXX_LANGUAGE_STANDARD = "gnu++14";
				CLANG_CXX_LIBRARY = "libc++";
				CLANG_ENABLE_MODULES = YES;
				CLANG_ENABLE_OBJC_ARC = YES;
				CLANG_ENABLE_OBJC_WEAK = YES;
				CLANG_WARN_BLOCK_CAPTURE_AUTORELEASING = YES;
				CLANG_WARN_BOOL_CONVERSION = YES;
				CLANG_WARN_COMMA = YES;
				CLANG_WARN_CONSTANT_CONVERSION = YES;
				CLANG_WARN_DEPRECATED_OBJC_IMPLEMENTATIONS = YES;
				CLANG_WARN_DIRECT_OBJC_ISA_USAGE = YES_ERROR;
				CLANG_WARN_DOCUMENTATION_COMMENTS = YES;
				CLANG_WARN_EMPTY_BODY = YES;
				CLANG_WARN_ENUM_CONVERSION = YES;
				CLANG_WARN_INFINITE_RECURSION = YES;
				CLANG_WARN_INT_CONVERSION = YES;
				CLANG_WARN_NON_LITERAL_NULL_CONVERSION = YES;
				CLANG_WARN_OBJC_IMPLICIT_RETAIN_SELF = YES;
				CLANG_WARN_OBJC_LITERAL_CONVERSION = YES;
				CLANG_WARN_OBJC_ROOT_CLASS = YES_ERROR;
				CLANG_WARN_RANGE_LOOP_ANALYSIS = YES;
				CLANG_WARN_STRICT_PROTOTYPES = YES;
				CLANG_WARN_SUSPICIOUS_MOVE = YES;
				CLANG_WARN_UNGUARDED_AVAILABILITY = YES_AGGRESSIVE;
				CLANG_WARN_UNREACHABLE_CODE = YES;
				CLANG_WARN__DUPLICATE_METHOD_MATCH = YES;
				COPY_PHASE_STRIP = NO;
				DEBUG_INFORMATION_FORMAT = "dwarf-with-dsym";
				ENABLE_NS_ASSERTIONS = NO;
				ENABLE_STRICT_OBJC_MSGSEND = YES;
				GCC_C_LANGUAGE_STANDARD = gnu11;
				GCC_NO_COMMON_BLOCKS = YES;
				GCC_WARN_64_TO_32_BIT_CONVERSION = YES;
				GCC_WARN_ABOUT_RETURN_TYPE = YES_ERROR;
				GCC_WARN_UNDECLARED_SELECTOR = YES;
				GCC_WARN_UNINITIALIZED_AUTOS = YES_AGGRESSIVE;
				GCC_WARN_UNUSED_FUNCTION = YES;
				GCC_WARN_UNUSED_VARIABLE = YES;
				IPHONEOS_DEPLOYMENT_TARGET = 13.2;
				MTL_ENABLE_DEBUG_INFO = NO;
				MTL_FAST_MATH = YES;
				SDKROOT = iphoneos;
				SWIFT_COMPILATION_MODE = wholemodule;
				SWIFT_OPTIMIZATION_LEVEL = "-O";
				VALIDATE_PRODUCT = YES;
			};
			name = Release;
		};
		3560D69E244B1E8400296A58 /* Debug */ = {
			isa = XCBuildConfiguration;
			baseConfigurationReference = CC120EC1837FB6F11BEB606C /* Pods-SilverLinkTest.debug.xcconfig */;
			buildSettings = {
				ASSETCATALOG_COMPILER_APPICON_NAME = AppIcon;
				CODE_SIGN_STYLE = Automatic;
				DEVELOPMENT_TEAM = ZUAZ6FEHBX;
				INFOPLIST_FILE = SilverLinkTest/Info.plist;
				IPHONEOS_DEPLOYMENT_TARGET = 11.0;
				LD_RUNPATH_SEARCH_PATHS = (
					"$(inherited)",
					"@executable_path/Frameworks",
				);
				PRODUCT_BUNDLE_IDENTIFIER = in.rk.SilverLinkTest;
				PRODUCT_NAME = "$(TARGET_NAME)";
				SWIFT_VERSION = 5.0;
				TARGETED_DEVICE_FAMILY = "1,2";
			};
			name = Debug;
		};
		3560D69F244B1E8400296A58 /* Release */ = {
			isa = XCBuildConfiguration;
			baseConfigurationReference = 19FB08D19B1238E7BA4B9E00 /* Pods-SilverLinkTest.release.xcconfig */;
			buildSettings = {
				ASSETCATALOG_COMPILER_APPICON_NAME = AppIcon;
				CODE_SIGN_STYLE = Automatic;
				DEVELOPMENT_TEAM = ZUAZ6FEHBX;
				INFOPLIST_FILE = SilverLinkTest/Info.plist;
				IPHONEOS_DEPLOYMENT_TARGET = 11.0;
				LD_RUNPATH_SEARCH_PATHS = (
					"$(inherited)",
					"@executable_path/Frameworks",
				);
				PRODUCT_BUNDLE_IDENTIFIER = in.rk.SilverLinkTest;
				PRODUCT_NAME = "$(TARGET_NAME)";
				SWIFT_VERSION = 5.0;
				TARGETED_DEVICE_FAMILY = "1,2";
			};
			name = Release;
		};
		3560D6A1244B1E8400296A58 /* Debug */ = {
			isa = XCBuildConfiguration;
			baseConfigurationReference = 68B50C7F887864A3B7D1BDC6 /* Pods-SilverLinkTestTests.debug.xcconfig */;
			buildSettings = {
				ALWAYS_EMBED_SWIFT_STANDARD_LIBRARIES = YES;
				BUNDLE_LOADER = "$(TEST_HOST)";
				CODE_SIGN_STYLE = Automatic;
				DEVELOPMENT_TEAM = ZUAZ6FEHBX;
				INFOPLIST_FILE = SilverLinkTestTests/Info.plist;
				IPHONEOS_DEPLOYMENT_TARGET = 13.2;
				LD_RUNPATH_SEARCH_PATHS = (
					"$(inherited)",
					"@executable_path/Frameworks",
					"@loader_path/Frameworks",
				);
				PRODUCT_BUNDLE_IDENTIFIER = in.rk.SilverLinkTestTests;
				PRODUCT_NAME = "$(TARGET_NAME)";
				SWIFT_VERSION = 5.0;
				TARGETED_DEVICE_FAMILY = "1,2";
				TEST_HOST = "$(BUILT_PRODUCTS_DIR)/SilverLinkTest.app/SilverLinkTest";
			};
			name = Debug;
		};
		3560D6A2244B1E8400296A58 /* Release */ = {
			isa = XCBuildConfiguration;
			baseConfigurationReference = 271A47255F4191EB1D35FD6A /* Pods-SilverLinkTestTests.release.xcconfig */;
			buildSettings = {
				ALWAYS_EMBED_SWIFT_STANDARD_LIBRARIES = YES;
				BUNDLE_LOADER = "$(TEST_HOST)";
				CODE_SIGN_STYLE = Automatic;
				DEVELOPMENT_TEAM = ZUAZ6FEHBX;
				INFOPLIST_FILE = SilverLinkTestTests/Info.plist;
				IPHONEOS_DEPLOYMENT_TARGET = 13.2;
				LD_RUNPATH_SEARCH_PATHS = (
					"$(inherited)",
					"@executable_path/Frameworks",
					"@loader_path/Frameworks",
				);
				PRODUCT_BUNDLE_IDENTIFIER = in.rk.SilverLinkTestTests;
				PRODUCT_NAME = "$(TARGET_NAME)";
				SWIFT_VERSION = 5.0;
				TARGETED_DEVICE_FAMILY = "1,2";
				TEST_HOST = "$(BUILT_PRODUCTS_DIR)/SilverLinkTest.app/SilverLinkTest";
			};
			name = Release;
		};
		3560D6A4244B1E8400296A58 /* Debug */ = {
			isa = XCBuildConfiguration;
			baseConfigurationReference = B11C2193B1EA801D1EE97140 /* Pods-SilverLinkTest-SilverLinkTestUITests.debug.xcconfig */;
			buildSettings = {
				ALWAYS_EMBED_SWIFT_STANDARD_LIBRARIES = YES;
				CODE_SIGN_STYLE = Automatic;
				DEVELOPMENT_TEAM = ZUAZ6FEHBX;
				INFOPLIST_FILE = SilverLinkTestUITests/Info.plist;
				LD_RUNPATH_SEARCH_PATHS = (
					"$(inherited)",
					"@executable_path/Frameworks",
					"@loader_path/Frameworks",
				);
				PRODUCT_BUNDLE_IDENTIFIER = in.rk.SilverLinkTestUITests;
				PRODUCT_NAME = "$(TARGET_NAME)";
				SWIFT_VERSION = 5.0;
				TARGETED_DEVICE_FAMILY = "1,2";
				TEST_TARGET_NAME = SilverLinkTest;
			};
			name = Debug;
		};
		3560D6A5244B1E8400296A58 /* Release */ = {
			isa = XCBuildConfiguration;
			baseConfigurationReference = B84386801ABE92EB82C8D225 /* Pods-SilverLinkTest-SilverLinkTestUITests.release.xcconfig */;
			buildSettings = {
				ALWAYS_EMBED_SWIFT_STANDARD_LIBRARIES = YES;
				CODE_SIGN_STYLE = Automatic;
				DEVELOPMENT_TEAM = ZUAZ6FEHBX;
				INFOPLIST_FILE = SilverLinkTestUITests/Info.plist;
				LD_RUNPATH_SEARCH_PATHS = (
					"$(inherited)",
					"@executable_path/Frameworks",
					"@loader_path/Frameworks",
				);
				PRODUCT_BUNDLE_IDENTIFIER = in.rk.SilverLinkTestUITests;
				PRODUCT_NAME = "$(TARGET_NAME)";
				SWIFT_VERSION = 5.0;
				TARGETED_DEVICE_FAMILY = "1,2";
				TEST_TARGET_NAME = SilverLinkTest;
			};
			name = Release;
		};
/* End XCBuildConfiguration section */

/* Begin XCConfigurationList section */
		3560D66E244B1E8300296A58 /* Build configuration list for PBXProject "SilverLinkTest" */ = {
			isa = XCConfigurationList;
			buildConfigurations = (
				3560D69B244B1E8400296A58 /* Debug */,
				3560D69C244B1E8400296A58 /* Release */,
			);
			defaultConfigurationIsVisible = 0;
			defaultConfigurationName = Release;
		};
		3560D69D244B1E8400296A58 /* Build configuration list for PBXNativeTarget "SilverLinkTest" */ = {
			isa = XCConfigurationList;
			buildConfigurations = (
				3560D69E244B1E8400296A58 /* Debug */,
				3560D69F244B1E8400296A58 /* Release */,
			);
			defaultConfigurationIsVisible = 0;
			defaultConfigurationName = Release;
		};
		3560D6A0244B1E8400296A58 /* Build configuration list for PBXNativeTarget "SilverLinkTestTests" */ = {
			isa = XCConfigurationList;
			buildConfigurations = (
				3560D6A1244B1E8400296A58 /* Debug */,
				3560D6A2244B1E8400296A58 /* Release */,
			);
			defaultConfigurationIsVisible = 0;
			defaultConfigurationName = Release;
		};
		3560D6A3244B1E8400296A58 /* Build configuration list for PBXNativeTarget "SilverLinkTestUITests" */ = {
			isa = XCConfigurationList;
			buildConfigurations = (
				3560D6A4244B1E8400296A58 /* Debug */,
				3560D6A5244B1E8400296A58 /* Release */,
			);
			defaultConfigurationIsVisible = 0;
			defaultConfigurationName = Release;
		};
/* End XCConfigurationList section */
	};
	rootObject = 3560D66B244B1E8300296A58 /* Project object */;
}
